
Microsoft Visual Studio Solution File, Format Version 12.00
# Visual Studio Version 17
VisualStudioVersion = 17.3.32922.545
MinimumVisualStudioVersion = 10.0.40219.1
Project("{9A19103F-16F7-4668-BE54-9A1E7A4F7556}") = "BrowserLibrary", "BrowserLibrary\BrowserLibrary.csproj", "{70575861-BAEB-48DE-978F-9FA2D35485BD}"
EndProject
Project("{9A19103F-16F7-4668-BE54-9A1E7A4F7556}") = "BrowserUI", "BrowserUI\BrowserUI.csproj", "{ED5E6FCB-B38E-4277-BB64-DFBFAC69A4D8}"
EndProject
Project("{FAE04EC0-301F-11D3-BF4B-00C04F79EFBC}") = "Browser.UnitTests", "Browser.UnitTests\Browser.UnitTests.csproj", "{714F9C6D-F00A-439F-B8AE-B9AD877A766C}"
EndProject
Global
	GlobalSection(SolutionConfigurationPlatforms) = preSolution
		Debug|Any CPU = Debug|Any CPU
		Release|Any CPU = Release|Any CPU
	EndGlobalSection
	GlobalSection(ProjectConfigurationPlatforms) = postSolution
		{70575861-BAEB-48DE-978F-9FA2D35485BD}.Debug|Any CPU.ActiveCfg = Debug|Any CPU
		{70575861-BAEB-48DE-978F-9FA2D35485BD}.Debug|Any CPU.Build.0 = Debug|Any CPU
		{70575861-BAEB-48DE-978F-9FA2D35485BD}.Release|Any CPU.ActiveCfg = Release|Any CPU
		{70575861-BAEB-48DE-978F-9FA2D35485BD}.Release|Any CPU.Build.0 = Release|Any CPU
		{ED5E6FCB-B38E-4277-BB64-DFBFAC69A4D8}.Debug|Any CPU.ActiveCfg = Debug|Any CPU
		{ED5E6FCB-B38E-4277-BB64-DFBFAC69A4D8}.Debug|Any CPU.Build.0 = Debug|Any CPU
		{ED5E6FCB-B38E-4277-BB64-DFBFAC69A4D8}.Release|Any CPU.ActiveCfg = Release|Any CPU
		{ED5E6FCB-B38E-4277-BB64-DFBFAC69A4D8}.Release|Any CPU.Build.0 = Release|Any CPU
		{714F9C6D-F00A-439F-B8AE-B9AD877A766C}.Debug|Any CPU.ActiveCfg = Debug|Any CPU
		{714F9C6D-F00A-439F-B8AE-B9AD877A766C}.Debug|Any CPU.Build.0 = Debug|Any CPU
		{714F9C6D-F00A-439F-B8AE-B9AD877A766C}.Release|Any CPU.ActiveCfg = Release|Any CPU
		{714F9C6D-F00A-439F-B8AE-B9AD877A766C}.Release|Any CPU.Build.0 = Release|Any CPU
	EndGlobalSection
	GlobalSection(SolutionProperties) = preSolution
		HideSolutionNode = FALSE
	EndGlobalSection
	GlobalSection(ExtensibilityGlobals) = postSolution
		SolutionGuid = {6262D048-A537-4E7C-A6DF-49F664C01431}
	EndGlobalSection
EndGlobal
